
Microsoft Visual Studio Solution File, Format Version 12.00
# Visual Studio Version 17
VisualStudioVersion = 17.4.33110.190
MinimumVisualStudioVersion = 10.0.40219.1
Project("{9A19103F-16F7-4668-BE54-9A1E7A4F7556}") = "RegistroTramitesOplagestTrifinio.Server", "RegistroTramitesOplagestTrifinio\Server\RegistroTramitesOplagestTrifinio.Server.csproj", "{40C40D06-5919-4A61-B8AC-3D0760F4516A}"
EndProject
Project("{9A19103F-16F7-4668-BE54-9A1E7A4F7556}") = "RegistroTramitesOplagestTrifinio.Client", "RegistroTramitesOplagestTrifinio\Client\RegistroTramitesOplagestTrifinio.Client.csproj", "{E0339F5C-DB6B-4B5F-A0C4-23EB8CEB9344}"
EndProject
Project("{9A19103F-16F7-4668-BE54-9A1E7A4F7556}") = "RegistroTramitesOplagestTrifinio.Shared", "RegistroTramitesOplagestTrifinio\Shared\RegistroTramitesOplagestTrifinio.Shared.csproj", "{7DD529D1-1B4E-422E-B8FE-15CF0073403F}"
EndProject
Project("{FAE04EC0-301F-11D3-BF4B-00C04F79EFBC}") = "RegistroTramitesOplagestTrifinio.Data", "RegistroTramitesOplagestTrifinio.Data\RegistroTramitesOplagestTrifinio.Data.csproj", "{3913DA60-1FAF-48F7-9F32-47E9BA714DDC}"
EndProject
Global
	GlobalSection(SolutionConfigurationPlatforms) = preSolution
		Debug|Any CPU = Debug|Any CPU
		Release|Any CPU = Release|Any CPU
	EndGlobalSection
	GlobalSection(ProjectConfigurationPlatforms) = postSolution
		{40C40D06-5919-4A61-B8AC-3D0760F4516A}.Debug|Any CPU.ActiveCfg = Debug|Any CPU
		{40C40D06-5919-4A61-B8AC-3D0760F4516A}.Debug|Any CPU.Build.0 = Debug|Any CPU
		{40C40D06-5919-4A61-B8AC-3D0760F4516A}.Release|Any CPU.ActiveCfg = Release|Any CPU
		{40C40D06-5919-4A61-B8AC-3D0760F4516A}.Release|Any CPU.Build.0 = Release|Any CPU
		{E0339F5C-DB6B-4B5F-A0C4-23EB8CEB9344}.Debug|Any CPU.ActiveCfg = Debug|Any CPU
		{E0339F5C-DB6B-4B5F-A0C4-23EB8CEB9344}.Debug|Any CPU.Build.0 = Debug|Any CPU
		{E0339F5C-DB6B-4B5F-A0C4-23EB8CEB9344}.Release|Any CPU.ActiveCfg = Release|Any CPU
		{E0339F5C-DB6B-4B5F-A0C4-23EB8CEB9344}.Release|Any CPU.Build.0 = Release|Any CPU
		{7DD529D1-1B4E-422E-B8FE-15CF0073403F}.Debug|Any CPU.ActiveCfg = Debug|Any CPU
		{7DD529D1-1B4E-422E-B8FE-15CF0073403F}.Debug|Any CPU.Build.0 = Debug|Any CPU
		{7DD529D1-1B4E-422E-B8FE-15CF0073403F}.Release|Any CPU.ActiveCfg = Release|Any CPU
		{7DD529D1-1B4E-422E-B8FE-15CF0073403F}.Release|Any CPU.Build.0 = Release|Any CPU
		{3913DA60-1FAF-48F7-9F32-47E9BA714DDC}.Debug|Any CPU.ActiveCfg = Debug|Any CPU
		{3913DA60-1FAF-48F7-9F32-47E9BA714DDC}.Debug|Any CPU.Build.0 = Debug|Any CPU
		{3913DA60-1FAF-48F7-9F32-47E9BA714DDC}.Release|Any CPU.ActiveCfg = Release|Any CPU
		{3913DA60-1FAF-48F7-9F32-47E9BA714DDC}.Release|Any CPU.Build.0 = Release|Any CPU
	EndGlobalSection
	GlobalSection(SolutionProperties) = preSolution
		HideSolutionNode = FALSE
	EndGlobalSection
	GlobalSection(ExtensibilityGlobals) = postSolution
		SolutionGuid = {B630F65B-B8F9-4370-BBC8-456105508668}
	EndGlobalSection
EndGlobal
